# This file is autogenerated, do not edit; changes may be undone by the next 'dep ensure'.


[[projects]]
  digest = "1:88d2d43b3af78c8793666276acd783594520924882319ee366684a6dfa5fe520"
  name = "github.com/juju/clock"
  packages = [
    ".",
    "testclock",
  ]
  pruneopts = "UT"
  revision = "9c5c9712527c7986f012361e7d13756b4d99543d"

[[projects]]
  digest = "1:f4ea106b9e2b7ffea31dd38adae9db06eed1d31882da7944ab155012b96e6d3a"
  name = "github.com/juju/errors"
  packages = ["."]
  pruneopts = "UT"
  revision = "1b5e39b83d1835fa480e0c2ddefb040ee82d58b3"

[[projects]]
  digest = "1:f685718d79bb28f07be20841b94e1673640c481a87123ab329ba1f7b29bf4fd0"
  name = "github.com/juju/loggo"
  packages = ["."]
  pruneopts = "UT"
  revision = "8232ab8918d91c72af1a9fb94d3edbe31d88b790"

[[projects]]
  branch = "master"
  digest = "1:78f3b43e69429f064422b0a44463091433ba43dddb02b640ac64d733d62d6db5"
  name = "github.com/juju/lru"
  packages = ["."]
  pruneopts = "UT"
  revision = "92a0afabdc41a8683f61df3cbfb237824ee6e8fd"

[[projects]]
  digest = "1:d4a0284582e8108ce5f2d4b08d9fce8cf209a39b8b838de0aff22599274aad81"
  name = "github.com/juju/retry"
  packages = ["."]
  pruneopts = "UT"
  revision = "9058e192b216b21e4741c2eeb20ac798ba1ea80a"

[[projects]]
  branch = "master"
  digest = "1:03f982208c123229dc409d84cb83ffa5b3fdd98d39f1d8db6aa14757fe98d083"
  name = "github.com/juju/testing"
  packages = [
    ".",
    "checkers",
  ]
  pruneopts = "UT"
  revision = "a282c42ba059f163ede45e0bc755517e15120523"

[[projects]]
  branch = "master"
  digest = "1:449a76b82b8453dfa74bff12cbdeb391a18ca51d535f6882d386f07ba374e2b9"
  name = "github.com/juju/utils"
  packages = ["."]
  pruneopts = "UT"
  revision = "bf9cc5bdd62dabc40b7f634b39a5e2dc44d44c45"

[[projects]]
  digest = "1:f6ef8b02ad4e0eac3012f7cfa3edd435804d59655c0127e4d76e26395fe371e7"
  name = "github.com/juju/version"
  packages = ["."]
  pruneopts = "UT"
  revision = "1f41e27e54f21acccf9b2dddae063a782a8a7ceb"

[[projects]]
  digest = "1:f92f6956e4059f6a3efc14924d2dd58ba90da25cc57fe07ae3779ef2f5e0c5f2"
  name = "golang.org/x/crypto"
  packages = ["pbkdf2"]
  pruneopts = "UT"
  revision = "650f4a345ab4e5b245a3034b110ebc7299e68186"

[[projects]]
  digest = "1:76ee51c3f468493aff39dbacc401e8831fbb765104cbf613b89bef01cf4bad70"
  name = "golang.org/x/net"
  packages = ["context"]
  pruneopts = "UT"
  revision = "61147c48b25b599e5b561d2e9c4f3e1ef489ca41"

[[projects]]
  digest = "1:13b80f4250e74ace3f1e4169128c56c403d402517320c5e15b7128e92d2e6a75"
  name = "gopkg.in/check.v1"
  packages = ["."]
  pruneopts = "UT"
  revision = "4f90aeace3a26ad7021961c297b22c42160c7b25"

[[projects]]
  branch = "master"
  digest = "1:89ebe11560c77943e60c8ddf15364b17c1babd6ea3ebbd6e8f55686cdd5c9a7a"
  name = "gopkg.in/mgo.v2"
  packages = [
    ".",
    "bson",
    "internal/json",
    "internal/sasl",
    "internal/scram",
    "sstxn",
    "txn",
  ]
  pruneopts = "UT"
  revision = "8d6748476efef25475f4af621615cde61968c051"
  source = "github.com/juju/mgo"

[[projects]]
  digest = "1:89887bdb378fb21673d4874cd2b0fb22868149489ed5749cf23838c8d6955525"
  name = "gopkg.in/yaml.v2"
  packages = ["."]
  pruneopts = "UT"
  revision = "1be3d31502d6eabc0dd7ce5b0daab022e14a5538"

[solve-meta]
  analyzer-name = "dep"
  analyzer-version = 1
  input-imports = [
    "github.com/juju/clock",
    "github.com/juju/clock/testclock",
    "github.com/juju/errors",
    "github.com/juju/loggo",
    "github.com/juju/lru",
    "github.com/juju/testing",
    "github.com/juju/testing/checkers",
    "gopkg.in/check.v1",
    "gopkg.in/mgo.v2",
    "gopkg.in/mgo.v2/bson",
    "gopkg.in/mgo.v2/sstxn",
    "gopkg.in/mgo.v2/txn",
  ]
  solver-name = "gps-cdcl"
  solver-version = 1
